
Microsoft Visual Studio Solution File, Format Version 12.00
# Visual Studio Version 16
VisualStudioVersion = 16.0.31105.61
MinimumVisualStudioVersion = 10.0.40219.1
Project("{9A19103F-16F7-4668-BE54-9A1E7A4F7556}") = "souls-tongue", "souls-tongue\souls-tongue.csproj", "{712F3E3F-4495-4B23-BF56-EA97188F095B}"
EndProject
Project("{9A19103F-16F7-4668-BE54-9A1E7A4F7556}") = "SoulsAssetPipeline", "SoulsAssetPipeline\SoulsAssetPipeline\SoulsAssetPipeline.csproj", "{4A427AB5-EF5A-4113-8679-4E92D9EC510E}"
EndProject
Project("{9A19103F-16F7-4668-BE54-9A1E7A4F7556}") = "SoulsFormats", "SoulsAssetPipeline\SoulsFormats\SoulsFormats\SoulsFormats.csproj", "{DC40C761-CB8F-48EA-97DF-17BA3607373B}"
EndProject
Global
	GlobalSection(SolutionConfigurationPlatforms) = preSolution
		Debug|Any CPU = Debug|Any CPU
		Release|Any CPU = Release|Any CPU
	EndGlobalSection
	GlobalSection(ProjectConfigurationPlatforms) = postSolution
		{712F3E3F-4495-4B23-BF56-EA97188F095B}.Debug|Any CPU.ActiveCfg = Debug|Any CPU
		{712F3E3F-4495-4B23-BF56-EA97188F095B}.Debug|Any CPU.Build.0 = Debug|Any CPU
		{712F3E3F-4495-4B23-BF56-EA97188F095B}.Release|Any CPU.ActiveCfg = Release|Any CPU
		{712F3E3F-4495-4B23-BF56-EA97188F095B}.Release|Any CPU.Build.0 = Release|Any CPU
		{4A427AB5-EF5A-4113-8679-4E92D9EC510E}.Debug|Any CPU.ActiveCfg = Debug|Any CPU
		{4A427AB5-EF5A-4113-8679-4E92D9EC510E}.Debug|Any CPU.Build.0 = Debug|Any CPU
		{4A427AB5-EF5A-4113-8679-4E92D9EC510E}.Release|Any CPU.ActiveCfg = Release|Any CPU
		{4A427AB5-EF5A-4113-8679-4E92D9EC510E}.Release|Any CPU.Build.0 = Release|Any CPU
		{DC40C761-CB8F-48EA-97DF-17BA3607373B}.Debug|Any CPU.ActiveCfg = Debug|Any CPU
		{DC40C761-CB8F-48EA-97DF-17BA3607373B}.Debug|Any CPU.Build.0 = Debug|Any CPU
		{DC40C761-CB8F-48EA-97DF-17BA3607373B}.Release|Any CPU.ActiveCfg = Release|Any CPU
		{DC40C761-CB8F-48EA-97DF-17BA3607373B}.Release|Any CPU.Build.0 = Release|Any CPU
	EndGlobalSection
	GlobalSection(SolutionProperties) = preSolution
		HideSolutionNode = FALSE
	EndGlobalSection
	GlobalSection(ExtensibilityGlobals) = postSolution
		SolutionGuid = {10F2D187-E967-44DF-BF5D-1ACFD6B9F33B}
	EndGlobalSection
EndGlobal
